
Microsoft Visual Studio Solution File, Format Version 12.00
# Visual Studio Version 17
VisualStudioVersion = 17.1.32414.318
MinimumVisualStudioVersion = 10.0.40219.1
Project("{9A19103F-16F7-4668-BE54-9A1E7A4F7556}") = "CloudStorageAccount", "src\CloudStorageAccount\CloudStorageAccount.csproj", "{D8A21064-FDA7-4971-B5E3-BD83A39B8474}"
EndProject
Project("{9A19103F-16F7-4668-BE54-9A1E7A4F7556}") = "CloudStorageAccountTests", "src\CloudStorageAccountTests\CloudStorageAccountTests.csproj", "{3D75F7F3-DDF9-4BD5-80BF-7A102667DC34}"
EndProject
Project("{2150E333-8FDC-42A3-9474-1A3956D46DE8}") = "Solution Items", "Solution Items", "{C05DD3A9-4F0C-4165-9675-41334E9BC0C0}"
	ProjectSection(SolutionItems) = preProject
		readme.md = readme.md
	EndProjectSection
EndProject
Project("{FAE04EC0-301F-11D3-BF4B-00C04F79EFBC}") = "CloudStorageAccount.Source", "src\CloudStorageAccount.Source\CloudStorageAccount.Source.csproj", "{29911CE6-86EE-41F6-AB64-1C26DAEC2061}"
EndProject
Global
	GlobalSection(SolutionConfigurationPlatforms) = preSolution
		Debug|Any CPU = Debug|Any CPU
		Release|Any CPU = Release|Any CPU
	EndGlobalSection
	GlobalSection(ProjectConfigurationPlatforms) = postSolution
		{D8A21064-FDA7-4971-B5E3-BD83A39B8474}.Debug|Any CPU.ActiveCfg = Debug|Any CPU
		{D8A21064-FDA7-4971-B5E3-BD83A39B8474}.Debug|Any CPU.Build.0 = Debug|Any CPU
		{D8A21064-FDA7-4971-B5E3-BD83A39B8474}.Release|Any CPU.ActiveCfg = Release|Any CPU
		{D8A21064-FDA7-4971-B5E3-BD83A39B8474}.Release|Any CPU.Build.0 = Release|Any CPU
		{3D75F7F3-DDF9-4BD5-80BF-7A102667DC34}.Debug|Any CPU.ActiveCfg = Debug|Any CPU
		{3D75F7F3-DDF9-4BD5-80BF-7A102667DC34}.Debug|Any CPU.Build.0 = Debug|Any CPU
		{3D75F7F3-DDF9-4BD5-80BF-7A102667DC34}.Release|Any CPU.ActiveCfg = Release|Any CPU
		{3D75F7F3-DDF9-4BD5-80BF-7A102667DC34}.Release|Any CPU.Build.0 = Release|Any CPU
		{29911CE6-86EE-41F6-AB64-1C26DAEC2061}.Debug|Any CPU.ActiveCfg = Debug|Any CPU
		{29911CE6-86EE-41F6-AB64-1C26DAEC2061}.Debug|Any CPU.Build.0 = Debug|Any CPU
		{29911CE6-86EE-41F6-AB64-1C26DAEC2061}.Release|Any CPU.ActiveCfg = Release|Any CPU
		{29911CE6-86EE-41F6-AB64-1C26DAEC2061}.Release|Any CPU.Build.0 = Release|Any CPU
	EndGlobalSection
	GlobalSection(SolutionProperties) = preSolution
		HideSolutionNode = FALSE
	EndGlobalSection
	GlobalSection(ExtensibilityGlobals) = postSolution
		SolutionGuid = {16769487-2B43-43B7-A865-434A337F5CF3}
	EndGlobalSection
EndGlobal
